// !$*UTF8*$!
{
	archiveVersion = 1;
	classes = {
	};
	objectVersion = 77;
	objects = {

/* Begin PBXContainerItemProxy section */
		1AED8AC52DAC7E36002868F6 /* PBXContainerItemProxy */ = {
			isa = PBXContainerItemProxy;
			containerPortal = 1AED8AAF2DAC7E34002868F6 /* Project object */;
			proxyType = 1;
			remoteGlobalIDString = 1AED8AB62DAC7E34002868F6;
			remoteInfo = counterapp;
		};
		1AED8ACF2DAC7E36002868F6 /* PBXContainerItemProxy */ = {
			isa = PBXContainerItemProxy;
			containerPortal = 1AED8AAF2DAC7E34002868F6 /* Project object */;
			proxyType = 1;
			remoteGlobalIDString = 1AED8AB62DAC7E34002868F6;
			remoteInfo = counterapp;
		};
/* End PBXContainerItemProxy section */

/* Begin PBXFileReference section */
		1AED8AB72DAC7E34002868F6 /* counterapp.app */ = {isa = PBXFileReference; explicitFileType = wrapper.application; includeInIndex = 0; path = counterapp.app; sourceTree = BUILT_PRODUCTS_DIR; };
		1AED8AC42DAC7E36002868F6 /* counterappTests.xctest */ = {isa = PBXFileReference; explicitFileType = wrapper.cfbundle; includeInIndex = 0; path = counterappTests.xctest; sourceTree = BUILT_PRODUCTS_DIR; };
		1AED8ACE2DAC7E36002868F6 /* counterappUITests.xctest */ = {isa = PBXFileReference; explicitFileType = wrapper.cfbundle; includeInIndex = 0; path = counterappUITests.xctest; sourceTree = BUILT_PRODUCTS_DIR; };
/* End PBXFileReference section */

/* Begin PBXFileSystemSynchronizedRootGroup section */
		1AED8AB92DAC7E34002868F6 /* counterapp */ = {
			isa = PBXFileSystemSynchronizedRootGroup;
			path = counterapp;
			sourceTree = "<group>";
		};
		1AED8AC72DAC7E36002868F6 /* counterappTests */ = {
			isa = PBXFileSystemSynchronizedRootGroup;
			path = counterappTests;
			sourceTree = "<group>";
		};
		1AED8AD12DAC7E36002868F6 /* counterappUITests */ = {
			isa = PBXFileSystemSynchronizedRootGroup;
			path = counterappUITests;
			sourceTree = "<group>";
		};
/* End PBXFileSystemSynchronizedRootGroup section */

/* Begin PBXFrameworksBuildPhase section */
		1AED8AB42DAC7E34002868F6 /* Frameworks */ = {
			isa = PBXFrameworksBuildPhase;
			buildActionMask = 2147483647;
			files = (
			);
			runOnlyForDeploymentPostprocessing = 0;
		};
		1AED8AC12DAC7E36002868F6 /* Frameworks */ = {
			isa = PBXFrameworksBuildPhase;
			buildActionMask = 2147483647;
			files = (
			);
			runOnlyForDeploymentPostprocessing = 0;
		};
		1AED8ACB2DAC7E36002868F6 /* Frameworks */ = {
			isa = PBXFrameworksBuildPhase;
			buildActionMask = 2147483647;
			files = (
			);
			runOnlyForDeploymentPostprocessing = 0;
		};
/* End PBXFrameworksBuildPhase section */

/* Begin PBXGroup section */
		1AED8AAE2DAC7E34002868F6 = {
			isa = PBXGroup;
			children = (
				1AED8AB92DAC7E34002868F6 /* counterapp */,
				1AED8AC72DAC7E36002868F6 /* counterappTests */,
				1AED8AD12DAC7E36002868F6 /* counterappUITests */,
				1AED8AB82DAC7E34002868F6 /* Products */,
			);
			sourceTree = "<group>";
		};
		1AED8AB82DAC7E34002868F6 /* Products */ = {
			isa = PBXGroup;
			children = (
				1AED8AB72DAC7E34002868F6 /* counterapp.app */,
				1AED8AC42DAC7E36002868F6 /* counterappTests.xctest */,
				1AED8ACE2DAC7E36002868F6 /* counterappUITests.xctest */,
			);
			name = Products;
			sourceTree = "<group>";
		};
/* End PBXGroup section */

/* Begin PBXNativeTarget section */
		1AED8AB62DAC7E34002868F6 /* counterapp */ = {
			isa = PBXNativeTarget;
			buildConfigurationList = 1AED8AD82DAC7E36002868F6 /* Build configuration list for PBXNativeTarget "counterapp" */;
			buildPhases = (
				1AED8AB32DAC7E34002868F6 /* Sources */,
				1AED8AB42DAC7E34002868F6 /* Frameworks */,
				1AED8AB52DAC7E34002868F6 /* Resources */,
			);
			buildRules = (
			);
			dependencies = (
			);
			fileSystemSynchronizedGroups = (
				1AED8AB92DAC7E34002868F6 /* counterapp */,
			);
			name = counterapp;
			packageProductDependencies = (
			);
			productName = counterapp;
			productReference = 1AED8AB72DAC7E34002868F6 /* counterapp.app */;
			productType = "com.apple.product-type.application";
		};
		1AED8AC32DAC7E36002868F6 /* counterappTests */ = {
			isa = PBXNativeTarget;
			buildConfigurationList = 1AED8ADB2DAC7E36002868F6 /* Build configuration list for PBXNativeTarget "counterappTests" */;
			buildPhases = (
				1AED8AC02DAC7E36002868F6 /* Sources */,
				1AED8AC12DAC7E36002868F6 /* Frameworks */,
				1AED8AC22DAC7E36002868F6 /* Resources */,
			);
			buildRules = (
			);
			dependencies = (
				1AED8AC62DAC7E36002868F6 /* PBXTargetDependency */,
			);
			fileSystemSynchronizedGroups = (
				1AED8AC72DAC7E36002868F6 /* counterappTests */,
			);
			name = counterappTests;
			packageProductDependencies = (
			);
			productName = counterappTests;
			productReference = 1AED8AC42DAC7E36002868F6 /* counterappTests.xctest */;
			productType = "com.apple.product-type.bundle.unit-test";
		};
		1AED8ACD2DAC7E36002868F6 /* counterappUITests */ = {
			isa = PBXNativeTarget;
			buildConfigurationList = 1AED8ADE2DAC7E36002868F6 /* Build configuration list for PBXNativeTarget "counterappUITests" */;
			buildPhases = (
				1AED8ACA2DAC7E36002868F6 /* Sources */,
				1AED8ACB2DAC7E36002868F6 /* Frameworks */,
				1AED8ACC2DAC7E36002868F6 /* Resources */,
			);
			buildRules = (
			);
			dependencies = (
				1AED8AD02DAC7E36002868F6 /* PBXTargetDependency */,
			);
			fileSystemSynchronizedGroups = (
				1AED8AD12DAC7E36002868F6 /* counterappUITests */,
			);
			name = counterappUITests;
			packageProductDependencies = (
			);
			productName = counterappUITests;
			productReference = 1AED8ACE2DAC7E36002868F6 /* counterappUITests.xctest */;
			productType = "com.apple.product-type.bundle.ui-testing";
		};
/* End PBXNativeTarget section */

/* Begin PBXProject section */
		1AED8AAF2DAC7E34002868F6 /* Project object */ = {
			isa = PBXProject;
			attributes = {
				BuildIndependentTargetsInParallel = 1;
				LastSwiftUpdateCheck = 1630;
				LastUpgradeCheck = 1630;
				TargetAttributes = {
					1AED8AB62DAC7E34002868F6 = {
						CreatedOnToolsVersion = 16.3;
					};
					1AED8AC32DAC7E36002868F6 = {
						CreatedOnToolsVersion = 16.3;
						TestTargetID = 1AED8AB62DAC7E34002868F6;
					};
					1AED8ACD2DAC7E36002868F6 = {
						CreatedOnToolsVersion = 16.3;
						TestTargetID = 1AED8AB62DAC7E34002868F6;
					};
				};
			};
			buildConfigurationList = 1AED8AB22DAC7E34002868F6 /* Build configuration list for PBXProject "counterapp" */;
			developmentRegion = en;
			hasScannedForEncodings = 0;
			knownRegions = (
				en,
				Base,
			);
			mainGroup = 1AED8AAE2DAC7E34002868F6;
			minimizedProjectReferenceProxies = 1;
			preferredProjectObjectVersion = 77;
			productRefGroup = 1AED8AB82DAC7E34002868F6 /* Products */;
			projectDirPath = "";
			projectRoot = "";
			targets = (
				1AED8AB62DAC7E34002868F6 /* counterapp */,
				1AED8AC32DAC7E36002868F6 /* counterappTests */,
				1AED8ACD2DAC7E36002868F6 /* counterappUITests */,
			);
		};
/* End PBXProject section */

/* Begin PBXResourcesBuildPhase section */
		1AED8AB52DAC7E34002868F6 /* Resources */ = {
			isa = PBXResourcesBuildPhase;
			buildActionMask = 2147483647;
			files = (
			);
			runOnlyForDeploymentPostprocessing = 0;
		};
		1AED8AC22DAC7E36002868F6 /* Resources */ = {
			isa = PBXResourcesBuildPhase;
			buildActionMask = 2147483647;
			files = (
			);
			runOnlyForDeploymentPostprocessing = 0;
		};
		1AED8ACC2DAC7E36002868F6 /* Resources */ = {
			isa = PBXResourcesBuildPhase;
			buildActionMask = 2147483647;
			files = (
			);
			runOnlyForDeploymentPostprocessing = 0;
		};
/* End PBXResourcesBuildPhase section */

/* Begin PBXSourcesBuildPhase section */
		1AED8AB32DAC7E34002868F6 /* Sources */ = {
			isa = PBXSourcesBuildPhase;
			buildActionMask = 2147483647;
			files = (
			);
			runOnlyForDeploymentPostprocessing = 0;
		};
		1AED8AC02DAC7E36002868F6 /* Sources */ = {
			isa = PBXSourcesBuildPhase;
			buildActionMask = 2147483647;
			files = (
			);
			runOnlyForDeploymentPostprocessing = 0;
		};
		1AED8ACA2DAC7E36002868F6 /* Sources */ = {
			isa = PBXSourcesBuildPhase;
			buildActionMask = 2147483647;
			files = (
			);
			runOnlyForDeploymentPostprocessing = 0;
		};
/* End PBXSourcesBuildPhase section */

/* Begin PBXTargetDependency section */
		1AED8AC62DAC7E36002868F6 /* PBXTargetDependency */ = {
			isa = PBXTargetDependency;
			target = 1AED8AB62DAC7E34002868F6 /* counterapp */;
			targetProxy = 1AED8AC52DAC7E36002868F6 /* PBXContainerItemProxy */;
		};
		1AED8AD02DAC7E36002868F6 /* PBXTargetDependency */ = {
			isa = PBXTargetDependency;
			target = 1AED8AB62DAC7E34002868F6 /* counterapp */;
			targetProxy = 1AED8ACF2DAC7E36002868F6 /* PBXContainerItemProxy */;
		};
/* End PBXTargetDependency section */

/* Begin XCBuildConfiguration section */
		1AED8AD62DAC7E36002868F6 /* Debug */ = {
			isa = XCBuildConfiguration;
			buildSettings = {
				ALWAYS_SEARCH_USER_PATHS = NO;
				ASSETCATALOG_COMPILER_GENERATE_SWIFT_ASSET_SYMBOL_EXTENSIONS = YES;
				CLANG_ANALYZER_NONNULL = YES;
				CLANG_ANALYZER_NUMBER_OBJECT_CONVERSION = YES_AGGRESSIVE;
				CLANG_CXX_LANGUAGE_STANDARD = "gnu++20";
				CLANG_ENABLE_MODULES = YES;
				CLANG_ENABLE_OBJC_ARC = YES;
				CLANG_ENABLE_OBJC_WEAK = YES;
				CLANG_WARN_BLOCK_CAPTURE_AUTORELEASING = YES;
				CLANG_WARN_BOOL_CONVERSION = YES;
				CLANG_WARN_COMMA = YES;
				CLANG_WARN_CONSTANT_CONVERSION = YES;
				CLANG_WARN_DEPRECATED_OBJC_IMPLEMENTATIONS = YES;
				CLANG_WARN_DIRECT_OBJC_ISA_USAGE = YES_ERROR;
				CLANG_WARN_DOCUMENTATION_COMMENTS = YES;
				CLANG_WARN_EMPTY_BODY = YES;
				CLANG_WARN_ENUM_CONVERSION = YES;
				CLANG_WARN_INFINITE_RECURSION = YES;
				CLANG_WARN_INT_CONVERSION = YES;
				CLANG_WARN_NON_LITERAL_NULL_CONVERSION = YES;
				CLANG_WARN_OBJC_IMPLICIT_RETAIN_SELF = YES;
				CLANG_WARN_OBJC_LITERAL_CONVERSION = YES;
				CLANG_WARN_OBJC_ROOT_CLASS = YES_ERROR;
				CLANG_WARN_QUOTED_INCLUDE_IN_FRAMEWORK_HEADER = YES;
				CLANG_WARN_RANGE_LOOP_ANALYSIS = YES;
				CLANG_WARN_STRICT_PROTOTYPES = YES;
				CLANG_WARN_SUSPICIOUS_MOVE = YES;
				CLANG_WARN_UNGUARDED_AVAILABILITY = YES_AGGRESSIVE;
				CLANG_WARN_UNREACHABLE_CODE = YES;
				CLANG_WARN__DUPLICATE_METHOD_MATCH = YES;
				COPY_PHASE_STRIP = NO;
				DEBUG_INFORMATION_FORMAT = dwarf;
				ENABLE_STRICT_OBJC_MSGSEND = YES;
				ENABLE_TESTABILITY = YES;
				ENABLE_USER_SCRIPT_SANDBOXING = YES;
				GCC_C_LANGUAGE_STANDARD = gnu17;
				GCC_DYNAMIC_NO_PIC = NO;
				GCC_NO_COMMON_BLOCKS = YES;
				GCC_OPTIMIZATION_LEVEL = 0;
				GCC_PREPROCESSOR_DEFINITIONS = (
					"DEBUG=1",
					"$(inherited)",
				);
				GCC_WARN_64_TO_32_BIT_CONVERSION = YES;
				GCC_WARN_ABOUT_RETURN_TYPE = YES_ERROR;
				GCC_WARN_UNDECLARED_SELECTOR = YES;
				GCC_WARN_UNINITIALIZED_AUTOS = YES_AGGRESSIVE;
				GCC_WARN_UNUSED_FUNCTION = YES;
				GCC_WARN_UNUSED_VARIABLE = YES;
				IPHONEOS_DEPLOYMENT_TARGET = 18.4;
				LOCALIZATION_PREFERS_STRING_CATALOGS = YES;
				MTL_ENABLE_DEBUG_INFO = INCLUDE_SOURCE;
				MTL_FAST_MATH = YES;
				ONLY_ACTIVE_ARCH = YES;
				SDKROOT = iphoneos;
				SWIFT_ACTIVE_COMPILATION_CONDITIONS = "DEBUG $(inherited)";
				SWIFT_OPTIMIZATION_LEVEL = "-Onone";
			};
			name = Debug;
		};
		1AED8AD72DAC7E36002868F6 /* Release */ = {
			isa = XCBuildConfiguration;
			buildSettings = {
				ALWAYS_SEARCH_USER_PATHS = NO;
				ASSETCATALOG_COMPILER_GENERATE_SWIFT_ASSET_SYMBOL_EXTENSIONS = YES;
				CLANG_ANALYZER_NONNULL = YES;
				CLANG_ANALYZER_NUMBER_OBJECT_CONVERSION = YES_AGGRESSIVE;
				CLANG_CXX_LANGUAGE_STANDARD = "gnu++20";
				CLANG_ENABLE_MODULES = YES;
				CLANG_ENABLE_OBJC_ARC = YES;
				CLANG_ENABLE_OBJC_WEAK = YES;
				CLANG_WARN_BLOCK_CAPTURE_AUTORELEASING = YES;
				CLANG_WARN_BOOL_CONVERSION = YES;
				CLANG_WARN_COMMA = YES;
				CLANG_WARN_CONSTANT_CONVERSION = YES;
				CLANG_WARN_DEPRECATED_OBJC_IMPLEMENTATIONS = YES;
				CLANG_WARN_DIRECT_OBJC_ISA_USAGE = YES_ERROR;
				CLANG_WARN_DOCUMENTATION_COMMENTS = YES;
				CLANG_WARN_EMPTY_BODY = YES;
				CLANG_WARN_ENUM_CONVERSION = YES;
				CLANG_WARN_INFINITE_RECURSION = YES;
				CLANG_WARN_INT_CONVERSION = YES;
				CLANG_WARN_NON_LITERAL_NULL_CONVERSION = YES;
				CLANG_WARN_OBJC_IMPLICIT_RETAIN_SELF = YES;
				CLANG_WARN_OBJC_LITERAL_CONVERSION = YES;
				CLANG_WARN_OBJC_ROOT_CLASS = YES_ERROR;
				CLANG_WARN_QUOTED_INCLUDE_IN_FRAMEWORK_HEADER = YES;
				CLANG_WARN_RANGE_LOOP_ANALYSIS = YES;
				CLANG_WARN_STRICT_PROTOTYPES = YES;
				CLANG_WARN_SUSPICIOUS_MOVE = YES;
				CLANG_WARN_UNGUARDED_AVAILABILITY = YES_AGGRESSIVE;
				CLANG_WARN_UNREACHABLE_CODE = YES;
				CLANG_WARN__DUPLICATE_METHOD_MATCH = YES;
				COPY_PHASE_STRIP = NO;
				DEBUG_INFORMATION_FORMAT = "dwarf-with-dsym";
				ENABLE_NS_ASSERTIONS = NO;
				ENABLE_STRICT_OBJC_MSGSEND = YES;
				ENABLE_USER_SCRIPT_SANDBOXING = YES;
				GCC_C_LANGUAGE_STANDARD = gnu17;
				GCC_NO_COMMON_BLOCKS = YES;
				GCC_WARN_64_TO_32_BIT_CONVERSION = YES;
				GCC_WARN_ABOUT_RETURN_TYPE = YES_ERROR;
				GCC_WARN_UNDECLARED_SELECTOR = YES;
				GCC_WARN_UNINITIALIZED_AUTOS = YES_AGGRESSIVE;
				GCC_WARN_UNUSED_FUNCTION = YES;
				GCC_WARN_UNUSED_VARIABLE = YES;
				IPHONEOS_DEPLOYMENT_TARGET = 18.4;
				LOCALIZATION_PREFERS_STRING_CATALOGS = YES;
				MTL_ENABLE_DEBUG_INFO = NO;
				MTL_FAST_MATH = YES;
				SDKROOT = iphoneos;
				SWIFT_COMPILATION_MODE = wholemodule;
				VALIDATE_PRODUCT = YES;
			};
			name = Release;
		};
		1AED8AD92DAC7E36002868F6 /* Debug */ = {
			isa = XCBuildConfiguration;
			buildSettings = {
				ASSETCATALOG_COMPILER_APPICON_NAME = AppIcon;
				ASSETCATALOG_COMPILER_GLOBAL_ACCENT_COLOR_NAME = AccentColor;
				CODE_SIGN_STYLE = Automatic;
				CURRENT_PROJECT_VERSION = 1;
				ENABLE_PREVIEWS = YES;
				GENERATE_INFOPLIST_FILE = YES;
				INFOPLIST_KEY_UIApplicationSceneManifest_Generation = YES;
				INFOPLIST_KEY_UIApplicationSupportsIndirectInputEvents = YES;
				INFOPLIST_KEY_UILaunchScreen_Generation = YES;
				INFOPLIST_KEY_UISupportedInterfaceOrientations_iPad = "UIInterfaceOrientationPortrait UIInterfaceOrientationPortraitUpsideDown UIInterfaceOrientationLandscapeLeft UIInterfaceOrientationLandscapeRight";
				INFOPLIST_KEY_UISupportedInterfaceOrientations_iPhone = "UIInterfaceOrientationPortrait UIInterfaceOrientationLandscapeLeft UIInterfaceOrientationLandscapeRight";
				LD_RUNPATH_SEARCH_PATHS = (
					"$(inherited)",
					"@executable_path/Frameworks",
				);
				MARKETING_VERSION = 1.0;
				PRODUCT_BUNDLE_IDENTIFIER = evesq.com.counterapp;
				PRODUCT_NAME = "$(TARGET_NAME)";
				SWIFT_EMIT_LOC_STRINGS = YES;
				SWIFT_VERSION = 5.0;
				TARGETED_DEVICE_FAMILY = "1,2";
			};
			name = Debug;
		};
		1AED8ADA2DAC7E36002868F6 /* Release */ = {
			isa = XCBuildConfiguration;
			buildSettings = {
				ASSETCATALOG_COMPILER_APPICON_NAME = AppIcon;
				ASSETCATALOG_COMPILER_GLOBAL_ACCENT_COLOR_NAME = AccentColor;
				CODE_SIGN_STYLE = Automatic;
				CURRENT_PROJECT_VERSION = 1;
				ENABLE_PREVIEWS = YES;
				GENERATE_INFOPLIST_FILE = YES;
				INFOPLIST_KEY_UIApplicationSceneManifest_Generation = YES;
				INFOPLIST_KEY_UIApplicationSupportsIndirectInputEvents = YES;
				INFOPLIST_KEY_UILaunchScreen_Generation = YES;
				INFOPLIST_KEY_UISupportedInterfaceOrientations_iPad = "UIInterfaceOrientationPortrait UIInterfaceOrientationPortraitUpsideDown UIInterfaceOrientationLandscapeLeft UIInterfaceOrientationLandscapeRight";
				INFOPLIST_KEY_UISupportedInterfaceOrientations_iPhone = "UIInterfaceOrientationPortrait UIInterfaceOrientationLandscapeLeft UIInterfaceOrientationLandscapeRight";
				LD_RUNPATH_SEARCH_PATHS = (
					"$(inherited)",
					"@executable_path/Frameworks",
				);
				MARKETING_VERSION = 1.0;
				PRODUCT_BUNDLE_IDENTIFIER = evesq.com.counterapp;
				PRODUCT_NAME = "$(TARGET_NAME)";
				SWIFT_EMIT_LOC_STRINGS = YES;
				SWIFT_VERSION = 5.0;
				TARGETED_DEVICE_FAMILY = "1,2";
			};
			name = Release;
		};
		1AED8ADC2DAC7E36002868F6 /* Debug */ = {
			isa = XCBuildConfiguration;
			buildSettings = {
				BUNDLE_LOADER = "$(TEST_HOST)";
				CODE_SIGN_STYLE = Automatic;
				CURRENT_PROJECT_VERSION = 1;
				GENERATE_INFOPLIST_FILE = YES;
				IPHONEOS_DEPLOYMENT_TARGET = 18.4;
				MARKETING_VERSION = 1.0;
				PRODUCT_BUNDLE_IDENTIFIER = evesq.com.counterappTests;
				PRODUCT_NAME = "$(TARGET_NAME)";
				SWIFT_EMIT_LOC_STRINGS = NO;
				SWIFT_VERSION = 5.0;
				TARGETED_DEVICE_FAMILY = "1,2";
				TEST_HOST = "$(BUILT_PRODUCTS_DIR)/counterapp.app/$(BUNDLE_EXECUTABLE_FOLDER_PATH)/counterapp";
			};
			name = Debug;
		};
		1AED8ADD2DAC7E36002868F6 /* Release */ = {
			isa = XCBuildConfiguration;
			buildSettings = {
				BUNDLE_LOADER = "$(TEST_HOST)";
				CODE_SIGN_STYLE = Automatic;
				CURRENT_PROJECT_VERSION = 1;
				GENERATE_INFOPLIST_FILE = YES;
				IPHONEOS_DEPLOYMENT_TARGET = 18.4;
				MARKETING_VERSION = 1.0;
				PRODUCT_BUNDLE_IDENTIFIER = evesq.com.counterappTests;
				PRODUCT_NAME = "$(TARGET_NAME)";
				SWIFT_EMIT_LOC_STRINGS = NO;
				SWIFT_VERSION = 5.0;
				TARGETED_DEVICE_FAMILY = "1,2";
				TEST_HOST = "$(BUILT_PRODUCTS_DIR)/counterapp.app/$(BUNDLE_EXECUTABLE_FOLDER_PATH)/counterapp";
			};
			name = Release;
		};
		1AED8ADF2DAC7E36002868F6 /* Debug */ = {
			isa = XCBuildConfiguration;
			buildSettings = {
				CODE_SIGN_STYLE = Automatic;
				CURRENT_PROJECT_VERSION = 1;
				GENERATE_INFOPLIST_FILE = YES;
				MARKETING_VERSION = 1.0;
				PRODUCT_BUNDLE_IDENTIFIER = evesq.com.counterappUITests;
				PRODUCT_NAME = "$(TARGET_NAME)";
				SWIFT_EMIT_LOC_STRINGS = NO;
				SWIFT_VERSION = 5.0;
				TARGETED_DEVICE_FAMILY = "1,2";
				TEST_TARGET_NAME = counterapp;
			};
			name = Debug;
		};
		1AED8AE02DAC7E36002868F6 /* Release */ = {
			isa = XCBuildConfiguration;
			buildSettings = {
				CODE_SIGN_STYLE = Automatic;
				CURRENT_PROJECT_VERSION = 1;
				GENERATE_INFOPLIST_FILE = YES;
				MARKETING_VERSION = 1.0;
				PRODUCT_BUNDLE_IDENTIFIER = evesq.com.counterappUITests;
				PRODUCT_NAME = "$(TARGET_NAME)";
				SWIFT_EMIT_LOC_STRINGS = NO;
				SWIFT_VERSION = 5.0;
				TARGETED_DEVICE_FAMILY = "1,2";
				TEST_TARGET_NAME = counterapp;
			};
			name = Release;
		};
/* End XCBuildConfiguration section */

/* Begin XCConfigurationList section */
		1AED8AB22DAC7E34002868F6 /* Build configuration list for PBXProject "counterapp" */ = {
			isa = XCConfigurationList;
			buildConfigurations = (
				1AED8AD62DAC7E36002868F6 /* Debug */,
				1AED8AD72DAC7E36002868F6 /* Release */,
			);
			defaultConfigurationIsVisible = 0;
			defaultConfigurationName = Release;
		};
		1AED8AD82DAC7E36002868F6 /* Build configuration list for PBXNativeTarget "counterapp" */ = {
			isa = XCConfigurationList;
			buildConfigurations = (
				1AED8AD92DAC7E36002868F6 /* Debug */,
				1AED8ADA2DAC7E36002868F6 /* Release */,
			);
			defaultConfigurationIsVisible = 0;
			defaultConfigurationName = Release;
		};
		1AED8ADB2DAC7E36002868F6 /* Build configuration list for PBXNativeTarget "counterappTests" */ = {
			isa = XCConfigurationList;
			buildConfigurations = (
				1AED8ADC2DAC7E36002868F6 /* Debug */,
				1AED8ADD2DAC7E36002868F6 /* Release */,
			);
			defaultConfigurationIsVisible = 0;
			defaultConfigurationName = Release;
		};
		1AED8ADE2DAC7E36002868F6 /* Build configuration list for PBXNativeTarget "counterappUITests" */ = {
			isa = XCConfigurationList;
			buildConfigurations = (
				1AED8ADF2DAC7E36002868F6 /* Debug */,
				1AED8AE02DAC7E36002868F6 /* Release */,
			);
			defaultConfigurationIsVisible = 0;
			defaultConfigurationName = Release;
		};
/* End XCConfigurationList section */
	};
	rootObject = 1AED8AAF2DAC7E34002868F6 /* Project object */;
}
